
Microsoft Visual Studio Solution File, Format Version 12.00
# Visual Studio Version 17
VisualStudioVersion = 17.6.33723.286
MinimumVisualStudioVersion = 10.0.40219.1
Project("{FAE04EC0-301F-11D3-BF4B-00C04F79EFBC}") = "Aula 06 - atividade 01", "Aula 06 - atividade 01.csproj", "{B77F9DA4-9FE5-405B-9BF5-EA2006E5D1BE}"
EndProject
Global
	GlobalSection(SolutionConfigurationPlatforms) = preSolution
		Debug|Any CPU = Debug|Any CPU
		Release|Any CPU = Release|Any CPU
	EndGlobalSection
	GlobalSection(ProjectConfigurationPlatforms) = postSolution
		{B77F9DA4-9FE5-405B-9BF5-EA2006E5D1BE}.Debug|Any CPU.ActiveCfg = Debug|Any CPU
		{B77F9DA4-9FE5-405B-9BF5-EA2006E5D1BE}.Debug|Any CPU.Build.0 = Debug|Any CPU
		{B77F9DA4-9FE5-405B-9BF5-EA2006E5D1BE}.Release|Any CPU.ActiveCfg = Release|Any CPU
		{B77F9DA4-9FE5-405B-9BF5-EA2006E5D1BE}.Release|Any CPU.Build.0 = Release|Any CPU
	EndGlobalSection
	GlobalSection(SolutionProperties) = preSolution
		HideSolutionNode = FALSE
	EndGlobalSection
	GlobalSection(ExtensibilityGlobals) = postSolution
		SolutionGuid = {32C9BB8D-BA13-466F-8681-B53A61D5BE8A}
	EndGlobalSection
EndGlobal
